
Microsoft Visual Studio Solution File, Format Version 12.00
# Visual Studio 15
VisualStudioVersion = 15.0.27130.2027
MinimumVisualStudioVersion = 10.0.40219.1
Project("{888888A0-9F3D-457C-B088-3A5042F75D52}") = "PythonScriptsProject", "PythonScriptsProject.pyproj", "{0C56AEA1-EB17-4641-835A-463F27C13A55}"
EndProject
Global
	GlobalSection(SolutionConfigurationPlatforms) = preSolution
		Debug|Any CPU = Debug|Any CPU
		Release|Any CPU = Release|Any CPU
	EndGlobalSection
	GlobalSection(ProjectConfigurationPlatforms) = postSolution
		{0C56AEA1-EB17-4641-835A-463F27C13A55}.Debug|Any CPU.ActiveCfg = Debug|Any CPU
		{0C56AEA1-EB17-4641-835A-463F27C13A55}.Release|Any CPU.ActiveCfg = Release|Any CPU
	EndGlobalSection
	GlobalSection(SolutionProperties) = preSolution
		HideSolutionNode = FALSE
	EndGlobalSection
	GlobalSection(ExtensibilityGlobals) = postSolution
		SolutionGuid = {B1725950-C897-4C49-92EE-2D6EF1EC1D7D}
	EndGlobalSection
EndGlobal
